<?xml version="1.0" encoding="utf-8"?>
<Project ToolsVersion="4.0" xmlns="http://schemas.microsoft.com/developer/msbuild/2003">
  <ItemGroup>
    <ClCompile Include="Application.cpp" />
    <ClCompile Include="Collider.cpp" />
    <ClCompile Include="Enemy.cpp" />
    <ClCompile Include="Enemy_BrownShip.cpp" />
    <ClCompile Include="Enemy_Mech.cpp" />
    <ClCompile Include="Enemy_RedBird.cpp" />
    <ClCompile Include="Globals.cpp" />
    <ClCompile Include="ModuleAudio.cpp" />
    <ClCompile Include="ModuleCollisions.cpp" />
    <ClCompile Include="ModuleDisk.cpp" />
    <ClCompile Include="ModuleEnemies.cpp" />
    <ClCompile Include="ModuleFadeToBlack.cpp" />
    <ClCompile Include="ModuleFonts.cpp" />
    <ClCompile Include="ModuleParticles.cpp" />
    <ClCompile Include="ModulePlayer2.cpp" />
    <ClCompile Include="SceneIntro.cpp" />
    <ClCompile Include="SceneIntroMapes.cpp" />
    <ClCompile Include="SceneIntroSNK.cpp" />
    <ClCompile Include="SceneLevel1.cpp" />
    <ClCompile Include="ModuleInput.cpp" />
    <ClCompile Include="ModulePlayer.cpp" />
    <ClCompile Include="ModuleRender.cpp" />
    <ClCompile Include="ModuleTextures.cpp" />
    <ClCompile Include="ModuleWindow.cpp" />
    <ClCompile Include="Main.cpp" />
    <ClCompile Include="Module.cpp" />
    <ClCompile Include="Particle.cpp" />
    <ClCompile Include="Path.cpp" />
    <ClCompile Include="SceneWindjammers.cpp" />
    <ClCompile Include="PropsBackground.cpp" />
    <ClCompile Include="SceneLogo.cpp" />
  </ItemGroup>
  <ItemGroup>
    <ClInclude Include="Animation.h" />
    <ClInclude Include="Application.h" />
    <ClInclude Include="Collider.h" />
    <ClInclude Include="Enemy.h" />
    <ClInclude Include="Enemy_BrownShip.h" />
    <ClInclude Include="Enemy_Mech.h" />
    <ClInclude Include="Enemy_RedBird.h" />
    <ClInclude Include="ModuleAudio.h" />
    <ClInclude Include="ModuleCollisions.h" />
    <ClInclude Include="ModuleDisk.h" />
    <ClInclude Include="ModuleEnemies.h" />
    <ClInclude Include="ModuleFadeToBlack.h" />
    <ClInclude Include="ModuleFonts.h" />
    <ClInclude Include="ModuleParticles.h" />
    <ClInclude Include="ModulePlayer2.h" />
    <ClInclude Include="SceneIntro.h" />
    <ClInclude Include="SceneIntroMapes.h" />
    <ClInclude Include="SceneIntroSNK.h" />
    <ClInclude Include="SceneLevel1.h" />
    <ClInclude Include="ModuleInput.h" />
    <ClInclude Include="ModulePlayer.h" />
    <ClInclude Include="ModuleRender.h" />
    <ClInclude Include="ModuleTextures.h" />
    <ClInclude Include="ModuleWindow.h" />
    <ClInclude Include="Globals.h" />
    <ClInclude Include="MemLeaks.h" />
    <ClInclude Include="Module.h" />
    <ClInclude Include="p2Point.h" />
    <ClInclude Include="Particle.h" />
    <ClInclude Include="Path.h" />
    <ClInclude Include="SceneWindjammers.h" />
    <ClInclude Include="PropsBackground.h" />
    <ClInclude Include="SceneLogo.h" />
  </ItemGroup>
</Project>